{
    "name": "test",
    "version": "1.0.0",
    "lockfileVersion": 2,
    "requires": true,
    "packages": {
        "": {
            "name": "test",
            "version": "1.0.0",
            "license": "ISC",
            "dependencies": {
                "@defichainwizard/core": "^0.0.1"
            }
        },
        "node_modules/@defichainwizard/core": {
            "version": "0.0.1",
            "resolved": "https://registry.npmjs.org/@defichainwizard/core/-/core-0.0.1.tgz",
            "integrity": "sha512-YaA30i0VdcgAhaiY4S2IAHAARdUzyyEhRaadrI/Fx7kR7tsPwERtiWbXuWy1bJJJwxH6iIZ+frplb+s/USESpQ=="
        }
    },
    "dependencies": {
        "@defichainwizard/core": {
            "version": "0.0.1",
            "resolved": "https://registry.npmjs.org/@defichainwizard/core/-/core-0.0.1.tgz",
            "integrity": "sha512-YaA30i0VdcgAhaiY4S2IAHAARdUzyyEhRaadrI/Fx7kR7tsPwERtiWbXuWy1bJJJwxH6iIZ+frplb+s/USESpQ=="
        }
    }
}
